{
  "nodes": {
    "nixpkgs": {
      "locked": {
        "lastModified": 1691313029,
        "narHash": "sha256-JCdafAmmuOkcRGFEUkXckRZ3Q/PBBtcm1Mq0GBA3XEY=",
        "owner": "NixOS",
        "repo": "nixpkgs",
        "rev": "0bab81e6319eb418e1509fe4b88401a022f3bf99",
        "type": "github"
      },
      "original": {
        "owner": "NixOS",
        "ref": "nixpkgs-unstable",
        "repo": "nixpkgs",
        "type": "github"
      }
    },
    "root": {
      "inputs": {
        "nixpkgs": "nixpkgs"
      }
    }
  },
  "root": "root",
  "version": 7
}
